
Microsoft Visual Studio Solution File, Format Version 12.00
# Visual Studio Version 17
VisualStudioVersion = 17.0.31717.71
MinimumVisualStudioVersion = 10.0.40219.1
Project("{9A19103F-16F7-4668-BE54-9A1E7A4F7556}") = "BlazorMasterMind", "BlazorMasterMind.csproj", "{92FF2320-0454-4E3D-A706-6C2CB2359A26}"
EndProject
Global
	GlobalSection(SolutionConfigurationPlatforms) = preSolution
		Debug|Any CPU = Debug|Any CPU
		Release|Any CPU = Release|Any CPU
	EndGlobalSection
	GlobalSection(ProjectConfigurationPlatforms) = postSolution
		{92FF2320-0454-4E3D-A706-6C2CB2359A26}.Debug|Any CPU.ActiveCfg = Debug|Any CPU
		{92FF2320-0454-4E3D-A706-6C2CB2359A26}.Debug|Any CPU.Build.0 = Debug|Any CPU
		{92FF2320-0454-4E3D-A706-6C2CB2359A26}.Release|Any CPU.ActiveCfg = Release|Any CPU
		{92FF2320-0454-4E3D-A706-6C2CB2359A26}.Release|Any CPU.Build.0 = Release|Any CPU
	EndGlobalSection
	GlobalSection(SolutionProperties) = preSolution
		HideSolutionNode = FALSE
	EndGlobalSection
	GlobalSection(ExtensibilityGlobals) = postSolution
		SolutionGuid = {DC29008C-A215-4F5C-BA46-4A90F9A72247}
	EndGlobalSection
EndGlobal